// !$*UTF8*$!
{
	archiveVersion = 1;
	classes = {
	};
	objectVersion = 46;
	objects = {

/* Begin PBXBuildFile section */
		001A05A01712635E0054B66C /* BackViewController.m in Sources */ = {isa = PBXBuildFile; fileRef = 001A059F1712635E0054B66C /* BackViewController.m */; };
		0063EEFC1714FF76006D6EE1 /* ParentViewController.m in Sources */ = {isa = PBXBuildFile; fileRef = 0063EEFB1714FF76006D6EE1 /* ParentViewController.m */; };
		007B867B16D70AB1002A3EE7 /* CoreImage.framework in Frameworks */ = {isa = PBXBuildFile; fileRef = 007B867A16D70AB1002A3EE7 /* CoreImage.framework */; };
		007B867D16D70AD2002A3EE7 /* QuartzCore.framework in Frameworks */ = {isa = PBXBuildFile; fileRef = 007B867C16D70AD2002A3EE7 /* QuartzCore.framework */; settings = {ATTRIBUTES = (Required, ); }; };
		007B867F16D70CBB002A3EE7 /* CoreData.framework in Frameworks */ = {isa = PBXBuildFile; fileRef = 007B867E16D70CBB002A3EE7 /* CoreData.framework */; };
		007B868216D70CF9002A3EE7 /* DataModel.xcdatamodeld in Sources */ = {isa = PBXBuildFile; fileRef = 007B868016D70CF9002A3EE7 /* DataModel.xcdatamodeld */; };
		007EEE80178E3BC400C0C3B5 /* Images.xcassets in Resources */ = {isa = PBXBuildFile; fileRef = 007EEE7F178E3BC400C0C3B5 /* Images.xcassets */; };
		007EEE91178E416700C0C3B5 /* iPadIcon.png in Resources */ = {isa = PBXBuildFile; fileRef = 007EEE84178E416700C0C3B5 /* iPadIcon.png */; };
		007EEE92178E416700C0C3B5 /* iPadIcon@2x.png in Resources */ = {isa = PBXBuildFile; fileRef = 007EEE85178E416700C0C3B5 /* iPadIcon@2x.png */; };
		007EEE93178E416700C0C3B5 /* iPhoneIcon.png in Resources */ = {isa = PBXBuildFile; fileRef = 007EEE86178E416700C0C3B5 /* iPhoneIcon.png */; };
		007EEE94178E416700C0C3B5 /* iPhoneIcon@2x.png in Resources */ = {isa = PBXBuildFile; fileRef = 007EEE87178E416700C0C3B5 /* iPhoneIcon@2x.png */; };
		007EEE97178E416700C0C3B5 /* spotlightiPadIcon.png in Resources */ = {isa = PBXBuildFile; fileRef = 007EEE8A178E416700C0C3B5 /* spotlightiPadIcon.png */; };
		007EEE98178E416700C0C3B5 /* spotlightiPadIcon@2x.png in Resources */ = {isa = PBXBuildFile; fileRef = 007EEE8B178E416700C0C3B5 /* spotlightiPadIcon@2x.png */; };
		007EEE99178E416700C0C3B5 /* spotlightiPhoneIcon.png in Resources */ = {isa = PBXBuildFile; fileRef = 007EEE8C178E416700C0C3B5 /* spotlightiPhoneIcon.png */; };
		007EEE9A178E416700C0C3B5 /* spotlightiPhoneIcon@2x.png in Resources */ = {isa = PBXBuildFile; fileRef = 007EEE8D178E416700C0C3B5 /* spotlightiPhoneIcon@2x.png */; };
		007EEEA017908A6C00C0C3B5 /* Default-568h@2x.png in Resources */ = {isa = PBXBuildFile; fileRef = 007EEE9F17908A6C00C0C3B5 /* Default-568h@2x.png */; };
		007EEEA117931FE200C0C3B5 /* CommitteeMember.m in Sources */ = {isa = PBXBuildFile; fileRef = 007EEE9E17904DC100C0C3B5 /* CommitteeMember.m */; };
		0086252D1795D4B8003FB0A0 /* libz.1.2.5.dylib in Frameworks */ = {isa = PBXBuildFile; fileRef = 0086252C1795D4B8003FB0A0 /* libz.1.2.5.dylib */; };
		008625481795D772003FB0A0 /* ioapi.c in Sources */ = {isa = PBXBuildFile; fileRef = 0086253E1795D772003FB0A0 /* ioapi.c */; };
		008625491795D772003FB0A0 /* mztools.c in Sources */ = {isa = PBXBuildFile; fileRef = 008625401795D772003FB0A0 /* mztools.c */; };
		0086254A1795D772003FB0A0 /* unzip.c in Sources */ = {isa = PBXBuildFile; fileRef = 008625421795D772003FB0A0 /* unzip.c */; };
		0086254B1795D772003FB0A0 /* zip.c in Sources */ = {isa = PBXBuildFile; fileRef = 008625441795D772003FB0A0 /* zip.c */; };
		0086254C1795D772003FB0A0 /* SSZipArchive.m in Sources */ = {isa = PBXBuildFile; fileRef = 008625471795D772003FB0A0 /* SSZipArchive.m */; };
		008C22DC17100FEA00CE5E54 /* StatePickerViewDelegate.m in Sources */ = {isa = PBXBuildFile; fileRef = 008C22DB17100FEA00CE5E54 /* StatePickerViewDelegate.m */; };
		008C23021710E7EA00CE5E54 /* Committee.m in Sources */ = {isa = PBXBuildFile; fileRef = 008C23011710E7EA00CE5E54 /* Committee.m */; };
		009A9F3916D71F8F0085CFC5 /* DataManager.m in Sources */ = {isa = PBXBuildFile; fileRef = 009A9F3816D71F8F0085CFC5 /* DataManager.m */; };
		00BC6E90170FE7D900DA13FC /* AK.png in Resources */ = {isa = PBXBuildFile; fileRef = 00BC6E58170FE7D900DA13FC /* AK.png */; };
		00BC6E91170FE7D900DA13FC /* AL.png in Resources */ = {isa = PBXBuildFile; fileRef = 00BC6E59170FE7D900DA13FC /* AL.png */; };
		00BC6E92170FE7D900DA13FC /* AR.png in Resources */ = {isa = PBXBuildFile; fileRef = 00BC6E5A170FE7D900DA13FC /* AR.png */; };
		00BC6E93170FE7D900DA13FC /* AS.png in Resources */ = {isa = PBXBuildFile; fileRef = 00BC6E5B170FE7D900DA13FC /* AS.png */; };
		00BC6E94170FE7D900DA13FC /* AZ.png in Resources */ = {isa = PBXBuildFile; fileRef = 00BC6E5C170FE7D900DA13FC /* AZ.png */; };
		00BC6E95170FE7D900DA13FC /* CA.png in Resources */ = {isa = PBXBuildFile; fileRef = 00BC6E5D170FE7D900DA13FC /* CA.png */; };
		00BC6E96170FE7D900DA13FC /* CO.png in Resources */ = {isa = PBXBuildFile; fileRef = 00BC6E5E170FE7D900DA13FC /* CO.png */; };
		00BC6E97170FE7D900DA13FC /* CT.png in Resources */ = {isa = PBXBuildFile; fileRef = 00BC6E5F170FE7D900DA13FC /* CT.png */; };
		00BC6E98170FE7D900DA13FC /* DC.png in Resources */ = {isa = PBXBuildFile; fileRef = 00BC6E60170FE7D900DA13FC /* DC.png */; };
		00BC6E99170FE7D900DA13FC /* DE.png in Resources */ = {isa = PBXBuildFile; fileRef = 00BC6E61170FE7D900DA13FC /* DE.png */; };
		00BC6E9A170FE7D900DA13FC /* FL.png in Resources */ = {isa = PBXBuildFile; fileRef = 00BC6E62170FE7D900DA13FC /* FL.png */; };
		00BC6E9B170FE7D900DA13FC /* GA.png in Resources */ = {isa = PBXBuildFile; fileRef = 00BC6E63170FE7D900DA13FC /* GA.png */; };
		00BC6E9C170FE7D900DA13FC /* GU.png in Resources */ = {isa = PBXBuildFile; fileRef = 00BC6E64170FE7D900DA13FC /* GU.png */; };
		00BC6E9D170FE7D900DA13FC /* HI.png in Resources */ = {isa = PBXBuildFile; fileRef = 00BC6E65170FE7D900DA13FC /* HI.png */; };
		00BC6E9E170FE7D900DA13FC /* IA.png in Resources */ = {isa = PBXBuildFile; fileRef = 00BC6E66170FE7D900DA13FC /* IA.png */; };
		00BC6E9F170FE7D900DA13FC /* ID.png in Resources */ = {isa = PBXBuildFile; fileRef = 00BC6E67170FE7D900DA13FC /* ID.png */; };
		00BC6EA0170FE7D900DA13FC /* IL.png in Resources */ = {isa = PBXBuildFile; fileRef = 00BC6E68170FE7D900DA13FC /* IL.png */; };
		00BC6EA1170FE7D900DA13FC /* IN.png in Resources */ = {isa = PBXBuildFile; fileRef = 00BC6E69170FE7D900DA13FC /* IN.png */; };
		00BC6EA2170FE7D900DA13FC /* KS.png in Resources */ = {isa = PBXBuildFile; fileRef = 00BC6E6A170FE7D900DA13FC /* KS.png */; };
		00BC6EA3170FE7D900DA13FC /* KY.png in Resources */ = {isa = PBXBuildFile; fileRef = 00BC6E6B170FE7D900DA13FC /* KY.png */; };
		00BC6EA4170FE7D900DA13FC /* LA.png in Resources */ = {isa = PBXBuildFile; fileRef = 00BC6E6C170FE7D900DA13FC /* LA.png */; };
		00BC6EA5170FE7D900DA13FC /* MA.png in Resources */ = {isa = PBXBuildFile; fileRef = 00BC6E6D170FE7D900DA13FC /* MA.png */; };
		00BC6EA6170FE7D900DA13FC /* MD.png in Resources */ = {isa = PBXBuildFile; fileRef = 00BC6E6E170FE7D900DA13FC /* MD.png */; };
		00BC6EA7170FE7D900DA13FC /* ME.png in Resources */ = {isa = PBXBuildFile; fileRef = 00BC6E6F170FE7D900DA13FC /* ME.png */; };
		00BC6EA8170FE7D900DA13FC /* MI.png in Resources */ = {isa = PBXBuildFile; fileRef = 00BC6E70170FE7D900DA13FC /* MI.png */; };
		00BC6EA9170FE7D900DA13FC /* MN.png in Resources */ = {isa = PBXBuildFile; fileRef = 00BC6E71170FE7D900DA13FC /* MN.png */; };
		00BC6EAA170FE7D900DA13FC /* MO.png in Resources */ = {isa = PBXBuildFile; fileRef = 00BC6E72170FE7D900DA13FC /* MO.png */; };
		00BC6EAB170FE7D900DA13FC /* MP.png in Resources */ = {isa = PBXBuildFile; fileRef = 00BC6E73170FE7D900DA13FC /* MP.png */; };
		00BC6EAC170FE7D900DA13FC /* MS.png in Resources */ = {isa = PBXBuildFile; fileRef = 00BC6E74170FE7D900DA13FC /* MS.png */; };
		00BC6EAD170FE7D900DA13FC /* MT.png in Resources */ = {isa = PBXBuildFile; fileRef = 00BC6E75170FE7D900DA13FC /* MT.png */; };
		00BC6EAE170FE7D900DA13FC /* NC.png in Resources */ = {isa = PBXBuildFile; fileRef = 00BC6E76170FE7D900DA13FC /* NC.png */; };
		00BC6EAF170FE7D900DA13FC /* ND.png in Resources */ = {isa = PBXBuildFile; fileRef = 00BC6E77170FE7D900DA13FC /* ND.png */; };
		00BC6EB0170FE7D900DA13FC /* NE.png in Resources */ = {isa = PBXBuildFile; fileRef = 00BC6E78170FE7D900DA13FC /* NE.png */; };
		00BC6EB1170FE7D900DA13FC /* NH.png in Resources */ = {isa = PBXBuildFile; fileRef = 00BC6E79170FE7D900DA13FC /* NH.png */; };
		00BC6EB2170FE7D900DA13FC /* NJ.png in Resources */ = {isa = PBXBuildFile; fileRef = 00BC6E7A170FE7D900DA13FC /* NJ.png */; };
		00BC6EB3170FE7D900DA13FC /* NM.png in Resources */ = {isa = PBXBuildFile; fileRef = 00BC6E7B170FE7D900DA13FC /* NM.png */; };
		00BC6EB4170FE7D900DA13FC /* NV.png in Resources */ = {isa = PBXBuildFile; fileRef = 00BC6E7C170FE7D900DA13FC /* NV.png */; };
		00BC6EB5170FE7D900DA13FC /* NY.png in Resources */ = {isa = PBXBuildFile; fileRef = 00BC6E7D170FE7D900DA13FC /* NY.png */; };
		00BC6EB6170FE7D900DA13FC /* OH.png in Resources */ = {isa = PBXBuildFile; fileRef = 00BC6E7E170FE7D900DA13FC /* OH.png */; };
		00BC6EB7170FE7D900DA13FC /* OK.png in Resources */ = {isa = PBXBuildFile; fileRef = 00BC6E7F170FE7D900DA13FC /* OK.png */; };
		00BC6EB8170FE7D900DA13FC /* OR.png in Resources */ = {isa = PBXBuildFile; fileRef = 00BC6E80170FE7D900DA13FC /* OR.png */; };
		00BC6EB9170FE7D900DA13FC /* PA.png in Resources */ = {isa = PBXBuildFile; fileRef = 00BC6E81170FE7D900DA13FC /* PA.png */; };
		00BC6EBA170FE7D900DA13FC /* PR.png in Resources */ = {isa = PBXBuildFile; fileRef = 00BC6E82170FE7D900DA13FC /* PR.png */; };
		00BC6EBB170FE7D900DA13FC /* RI.png in Resources */ = {isa = PBXBuildFile; fileRef = 00BC6E83170FE7D900DA13FC /* RI.png */; };
		00BC6EBC170FE7D900DA13FC /* SC.png in Resources */ = {isa = PBXBuildFile; fileRef = 00BC6E84170FE7D900DA13FC /* SC.png */; };
		00BC6EBD170FE7D900DA13FC /* SD.png in Resources */ = {isa = PBXBuildFile; fileRef = 00BC6E85170FE7D900DA13FC /* SD.png */; };
		00BC6EBE170FE7D900DA13FC /* TN.png in Resources */ = {isa = PBXBuildFile; fileRef = 00BC6E86170FE7D900DA13FC /* TN.png */; };
		00BC6EBF170FE7D900DA13FC /* TX.png in Resources */ = {isa = PBXBuildFile; fileRef = 00BC6E87170FE7D900DA13FC /* TX.png */; };
		00BC6EC0170FE7D900DA13FC /* UT.png in Resources */ = {isa = PBXBuildFile; fileRef = 00BC6E88170FE7D900DA13FC /* UT.png */; };
		00BC6EC1170FE7D900DA13FC /* VA.png in Resources */ = {isa = PBXBuildFile; fileRef = 00BC6E89170FE7D900DA13FC /* VA.png */; };
		00BC6EC2170FE7D900DA13FC /* VI.gif in Resources */ = {isa = PBXBuildFile; fileRef = 00BC6E8A170FE7D900DA13FC /* VI.gif */; };
		00BC6EC3170FE7D900DA13FC /* VT.png in Resources */ = {isa = PBXBuildFile; fileRef = 00BC6E8B170FE7D900DA13FC /* VT.png */; };
		00BC6EC4170FE7D900DA13FC /* WA.png in Resources */ = {isa = PBXBuildFile; fileRef = 00BC6E8C170FE7D900DA13FC /* WA.png */; };
		00BC6EC5170FE7D900DA13FC /* WI.png in Resources */ = {isa = PBXBuildFile; fileRef = 00BC6E8D170FE7D900DA13FC /* WI.png */; };
		00BC6EC6170FE7D900DA13FC /* WV.png in Resources */ = {isa = PBXBuildFile; fileRef = 00BC6E8E170FE7D900DA13FC /* WV.png */; };
		00BC6EC7170FE7D900DA13FC /* WY.png in Resources */ = {isa = PBXBuildFile; fileRef = 00BC6E8F170FE7D900DA13FC /* WY.png */; };
		00C6858D16BB767000865F27 /* UIKit.framework in Frameworks */ = {isa = PBXBuildFile; fileRef = 00C6858C16BB767000865F27 /* UIKit.framework */; };
		00C6858F16BB767000865F27 /* Foundation.framework in Frameworks */ = {isa = PBXBuildFile; fileRef = 00C6858E16BB767000865F27 /* Foundation.framework */; };
		00C6859116BB767000865F27 /* CoreGraphics.framework in Frameworks */ = {isa = PBXBuildFile; fileRef = 00C6859016BB767000865F27 /* CoreGraphics.framework */; };
		00C6859716BB767000865F27 /* InfoPlist.strings in Resources */ = {isa = PBXBuildFile; fileRef = 00C6859516BB767000865F27 /* InfoPlist.strings */; };
		00C6859916BB767000865F27 /* main.m in Sources */ = {isa = PBXBuildFile; fileRef = 00C6859816BB767000865F27 /* main.m */; };
		00C6859D16BB767000865F27 /* HelloWorldAppDelegate.m in Sources */ = {isa = PBXBuildFile; fileRef = 00C6859C16BB767000865F27 /* HelloWorldAppDelegate.m */; };
		00C685A616BB767000865F27 /* MainStoryboard.storyboard in Resources */ = {isa = PBXBuildFile; fileRef = 00C685A416BB767000865F27 /* MainStoryboard.storyboard */; };
		00C685A916BB767000865F27 /* HelloWorldViewController.m in Sources */ = {isa = PBXBuildFile; fileRef = 00C685A816BB767000865F27 /* HelloWorldViewController.m */; };
		0E13679317037C1C00593D57 /* Member.m in Sources */ = {isa = PBXBuildFile; fileRef = 0E13679217037C1C00593D57 /* Member.m */; };
		0E1367991703845C00593D57 /* MemberXMLParserDelegate.m in Sources */ = {isa = PBXBuildFile; fileRef = 0E1367981703845C00593D57 /* MemberXMLParserDelegate.m */; };
/* End PBXBuildFile section */

/* Begin PBXFileReference section */
		001A059E1712635E0054B66C /* BackViewController.h */ = {isa = PBXFileReference; fileEncoding = 4; lastKnownFileType = sourcecode.c.h; path = BackViewController.h; sourceTree = "<group>"; };
		001A059F1712635E0054B66C /* BackViewController.m */ = {isa = PBXFileReference; fileEncoding = 4; lastKnownFileType = sourcecode.c.objc; path = BackViewController.m; sourceTree = "<group>"; };
		0063EEFA1714FF76006D6EE1 /* ParentViewController.h */ = {isa = PBXFileReference; fileEncoding = 4; lastKnownFileType = sourcecode.c.h; name = ParentViewController.h; path = ../ParentViewController.h; sourceTree = "<group>"; };
		0063EEFB1714FF76006D6EE1 /* ParentViewController.m */ = {isa = PBXFileReference; fileEncoding = 4; lastKnownFileType = sourcecode.c.objc; name = ParentViewController.m; path = ../ParentViewController.m; sourceTree = "<group>"; };
		007B867A16D70AB1002A3EE7 /* CoreImage.framework */ = {isa = PBXFileReference; lastKnownFileType = wrapper.framework; name = CoreImage.framework; path = System/Library/Frameworks/CoreImage.framework; sourceTree = SDKROOT; };
		007B867C16D70AD2002A3EE7 /* QuartzCore.framework */ = {isa = PBXFileReference; lastKnownFileType = wrapper.framework; name = QuartzCore.framework; path = System/Library/Frameworks/QuartzCore.framework; sourceTree = SDKROOT; };
		007B867E16D70CBB002A3EE7 /* CoreData.framework */ = {isa = PBXFileReference; lastKnownFileType = wrapper.framework; name = CoreData.framework; path = System/Library/Frameworks/CoreData.framework; sourceTree = SDKROOT; };
		007B868116D70CF9002A3EE7 /* DataModel.xcdatamodel */ = {isa = PBXFileReference; lastKnownFileType = wrapper.xcdatamodel; path = DataModel.xcdatamodel; sourceTree = "<group>"; };
		007EEE7F178E3BC400C0C3B5 /* Images.xcassets */ = {isa = PBXFileReference; lastKnownFileType = folder.assetcatalog; name = Images.xcassets; path = Congress/Images.xcassets; sourceTree = SOURCE_ROOT; };
		007EEE84178E416700C0C3B5 /* iPadIcon.png */ = {isa = PBXFileReference; lastKnownFileType = image.png; path = iPadIcon.png; sourceTree = "<group>"; };
		007EEE85178E416700C0C3B5 /* iPadIcon@2x.png */ = {isa = PBXFileReference; lastKnownFileType = image.png; path = "iPadIcon@2x.png"; sourceTree = "<group>"; };
		007EEE86178E416700C0C3B5 /* iPhoneIcon.png */ = {isa = PBXFileReference; lastKnownFileType = image.png; path = iPhoneIcon.png; sourceTree = "<group>"; };
		007EEE87178E416700C0C3B5 /* iPhoneIcon@2x.png */ = {isa = PBXFileReference; lastKnownFileType = image.png; path = "iPhoneIcon@2x.png"; sourceTree = "<group>"; };
		007EEE8A178E416700C0C3B5 /* spotlightiPadIcon.png */ = {isa = PBXFileReference; lastKnownFileType = image.png; path = spotlightiPadIcon.png; sourceTree = "<group>"; };
		007EEE8B178E416700C0C3B5 /* spotlightiPadIcon@2x.png */ = {isa = PBXFileReference; lastKnownFileType = image.png; path = "spotlightiPadIcon@2x.png"; sourceTree = "<group>"; };
		007EEE8C178E416700C0C3B5 /* spotlightiPhoneIcon.png */ = {isa = PBXFileReference; lastKnownFileType = image.png; path = spotlightiPhoneIcon.png; sourceTree = "<group>"; };
		007EEE8D178E416700C0C3B5 /* spotlightiPhoneIcon@2x.png */ = {isa = PBXFileReference; lastKnownFileType = image.png; path = "spotlightiPhoneIcon@2x.png"; sourceTree = "<group>"; };
		007EEE9B1790416F00C0C3B5 /* Term.h */ = {isa = PBXFileReference; lastKnownFileType = sourcecode.c.h; path = Term.h; sourceTree = "<group>"; };
		007EEE9C1790416F00C0C3B5 /* Term.m */ = {isa = PBXFileReference; lastKnownFileType = sourcecode.c.objc; path = Term.m; sourceTree = "<group>"; };
		007EEE9D17904DC100C0C3B5 /* CommitteeMember.h */ = {isa = PBXFileReference; lastKnownFileType = sourcecode.c.h; path = CommitteeMember.h; sourceTree = "<group>"; };
		007EEE9E17904DC100C0C3B5 /* CommitteeMember.m */ = {isa = PBXFileReference; lastKnownFileType = sourcecode.c.objc; path = CommitteeMember.m; sourceTree = "<group>"; };
		007EEE9F17908A6C00C0C3B5 /* Default-568h@2x.png */ = {isa = PBXFileReference; lastKnownFileType = image.png; path = "Default-568h@2x.png"; sourceTree = "<group>"; };
		0086252C1795D4B8003FB0A0 /* libz.1.2.5.dylib */ = {isa = PBXFileReference; lastKnownFileType = "compiled.mach-o.dylib"; name = libz.1.2.5.dylib; path = usr/lib/libz.1.2.5.dylib; sourceTree = SDKROOT; };
		0086253D1795D772003FB0A0 /* crypt.h */ = {isa = PBXFileReference; fileEncoding = 4; lastKnownFileType = sourcecode.c.h; path = crypt.h; sourceTree = "<group>"; };
		0086253E1795D772003FB0A0 /* ioapi.c */ = {isa = PBXFileReference; fileEncoding = 4; lastKnownFileType = sourcecode.c.c; path = ioapi.c; sourceTree = "<group>"; };
		0086253F1795D772003FB0A0 /* ioapi.h */ = {isa = PBXFileReference; fileEncoding = 4; lastKnownFileType = sourcecode.c.h; path = ioapi.h; sourceTree = "<group>"; };
		008625401795D772003FB0A0 /* mztools.c */ = {isa = PBXFileReference; fileEncoding = 4; lastKnownFileType = sourcecode.c.c; path = mztools.c; sourceTree = "<group>"; };
		008625411795D772003FB0A0 /* mztools.h */ = {isa = PBXFileReference; fileEncoding = 4; lastKnownFileType = sourcecode.c.h; path = mztools.h; sourceTree = "<group>"; };
		008625421795D772003FB0A0 /* unzip.c */ = {isa = PBXFileReference; fileEncoding = 4; lastKnownFileType = sourcecode.c.c; path = unzip.c; sourceTree = "<group>"; };
		008625431795D772003FB0A0 /* unzip.h */ = {isa = PBXFileReference; fileEncoding = 4; lastKnownFileType = sourcecode.c.h; path = unzip.h; sourceTree = "<group>"; };
		008625441795D772003FB0A0 /* zip.c */ = {isa = PBXFileReference; fileEncoding = 4; lastKnownFileType = sourcecode.c.c; path = zip.c; sourceTree = "<group>"; };
		008625451795D772003FB0A0 /* zip.h */ = {isa = PBXFileReference; fileEncoding = 4; lastKnownFileType = sourcecode.c.h; path = zip.h; sourceTree = "<group>"; };
		008625461795D772003FB0A0 /* SSZipArchive.h */ = {isa = PBXFileReference; fileEncoding = 4; lastKnownFileType = sourcecode.c.h; path = SSZipArchive.h; sourceTree = "<group>"; };
		008625471795D772003FB0A0 /* SSZipArchive.m */ = {isa = PBXFileReference; fileEncoding = 4; lastKnownFileType = sourcecode.c.objc; path = SSZipArchive.m; sourceTree = "<group>"; };
		008C22DA17100FEA00CE5E54 /* StatePickerViewDelegate.h */ = {isa = PBXFileReference; fileEncoding = 4; lastKnownFileType = sourcecode.c.h; path = StatePickerViewDelegate.h; sourceTree = "<group>"; };
		008C22DB17100FEA00CE5E54 /* StatePickerViewDelegate.m */ = {isa = PBXFileReference; fileEncoding = 4; lastKnownFileType = sourcecode.c.objc; path = StatePickerViewDelegate.m; sourceTree = "<group>"; };
		008C23001710E7EA00CE5E54 /* Committee.h */ = {isa = PBXFileReference; fileEncoding = 4; lastKnownFileType = sourcecode.c.h; path = Committee.h; sourceTree = "<group>"; };
		008C23011710E7EA00CE5E54 /* Committee.m */ = {isa = PBXFileReference; fileEncoding = 4; lastKnownFileType = sourcecode.c.objc; path = Committee.m; sourceTree = "<group>"; };
		009A9F3716D71F8F0085CFC5 /* DataManager.h */ = {isa = PBXFileReference; fileEncoding = 4; lastKnownFileType = sourcecode.c.h; path = DataManager.h; sourceTree = "<group>"; };
		009A9F3816D71F8F0085CFC5 /* DataManager.m */ = {isa = PBXFileReference; fileEncoding = 4; lastKnownFileType = sourcecode.c.objc; path = DataManager.m; sourceTree = "<group>"; };
		00BC6E58170FE7D900DA13FC /* AK.png */ = {isa = PBXFileReference; lastKnownFileType = image.png; path = AK.png; sourceTree = "<group>"; };
		00BC6E59170FE7D900DA13FC /* AL.png */ = {isa = PBXFileReference; lastKnownFileType = image.png; path = AL.png; sourceTree = "<group>"; };
		00BC6E5A170FE7D900DA13FC /* AR.png */ = {isa = PBXFileReference; lastKnownFileType = image.png; path = AR.png; sourceTree = "<group>"; };
		00BC6E5B170FE7D900DA13FC /* AS.png */ = {isa = PBXFileReference; lastKnownFileType = image.png; path = AS.png; sourceTree = "<group>"; };
		00BC6E5C170FE7D900DA13FC /* AZ.png */ = {isa = PBXFileReference; lastKnownFileType = image.png; path = AZ.png; sourceTree = "<group>"; };
		00BC6E5D170FE7D900DA13FC /* CA.png */ = {isa = PBXFileReference; lastKnownFileType = image.png; path = CA.png; sourceTree = "<group>"; };
		00BC6E5E170FE7D900DA13FC /* CO.png */ = {isa = PBXFileReference; lastKnownFileType = image.png; path = CO.png; sourceTree = "<group>"; };
		00BC6E5F170FE7D900DA13FC /* CT.png */ = {isa = PBXFileReference; lastKnownFileType = image.png; path = CT.png; sourceTree = "<group>"; };
		00BC6E60170FE7D900DA13FC /* DC.png */ = {isa = PBXFileReference; lastKnownFileType = image.png; path = DC.png; sourceTree = "<group>"; };
		00BC6E61170FE7D900DA13FC /* DE.png */ = {isa = PBXFileReference; lastKnownFileType = image.png; path = DE.png; sourceTree = "<group>"; };
		00BC6E62170FE7D900DA13FC /* FL.png */ = {isa = PBXFileReference; lastKnownFileType = image.png; path = FL.png; sourceTree = "<group>"; };
		00BC6E63170FE7D900DA13FC /* GA.png */ = {isa = PBXFileReference; lastKnownFileType = image.png; path = GA.png; sourceTree = "<group>"; };
		00BC6E64170FE7D900DA13FC /* GU.png */ = {isa = PBXFileReference; lastKnownFileType = image.png; path = GU.png; sourceTree = "<group>"; };
		00BC6E65170FE7D900DA13FC /* HI.png */ = {isa = PBXFileReference; lastKnownFileType = image.png; path = HI.png; sourceTree = "<group>"; };
		00BC6E66170FE7D900DA13FC /* IA.png */ = {isa = PBXFileReference; lastKnownFileType = image.png; path = IA.png; sourceTree = "<group>"; };
		00BC6E67170FE7D900DA13FC /* ID.png */ = {isa = PBXFileReference; lastKnownFileType = image.png; path = ID.png; sourceTree = "<group>"; };
		00BC6E68170FE7D900DA13FC /* IL.png */ = {isa = PBXFileReference; lastKnownFileType = image.png; path = IL.png; sourceTree = "<group>"; };
		00BC6E69170FE7D900DA13FC /* IN.png */ = {isa = PBXFileReference; lastKnownFileType = image.png; path = IN.png; sourceTree = "<group>"; };
		00BC6E6A170FE7D900DA13FC /* KS.png */ = {isa = PBXFileReference; lastKnownFileType = image.png; path = KS.png; sourceTree = "<group>"; };
		00BC6E6B170FE7D900DA13FC /* KY.png */ = {isa = PBXFileReference; lastKnownFileType = image.png; path = KY.png; sourceTree = "<group>"; };
		00BC6E6C170FE7D900DA13FC /* LA.png */ = {isa = PBXFileReference; lastKnownFileType = image.png; path = LA.png; sourceTree = "<group>"; };
		00BC6E6D170FE7D900DA13FC /* MA.png */ = {isa = PBXFileReference; lastKnownFileType = image.png; path = MA.png; sourceTree = "<group>"; };
		00BC6E6E170FE7D900DA13FC /* MD.png */ = {isa = PBXFileReference; lastKnownFileType = image.png; path = MD.png; sourceTree = "<group>"; };
		00BC6E6F170FE7D900DA13FC /* ME.png */ = {isa = PBXFileReference; lastKnownFileType = image.png; path = ME.png; sourceTree = "<group>"; };
		00BC6E70170FE7D900DA13FC /* MI.png */ = {isa = PBXFileReference; lastKnownFileType = image.png; path = MI.png; sourceTree = "<group>"; };
		00BC6E71170FE7D900DA13FC /* MN.png */ = {isa = PBXFileReference; lastKnownFileType = image.png; path = MN.png; sourceTree = "<group>"; };
		00BC6E72170FE7D900DA13FC /* MO.png */ = {isa = PBXFileReference; lastKnownFileType = image.png; path = MO.png; sourceTree = "<group>"; };
		00BC6E73170FE7D900DA13FC /* MP.png */ = {isa = PBXFileReference; lastKnownFileType = image.png; path = MP.png; sourceTree = "<group>"; };
		00BC6E74170FE7D900DA13FC /* MS.png */ = {isa = PBXFileReference; lastKnownFileType = image.png; path = MS.png; sourceTree = "<group>"; };
		00BC6E75170FE7D900DA13FC /* MT.png */ = {isa = PBXFileReference; lastKnownFileType = image.png; path = MT.png; sourceTree = "<group>"; };
		00BC6E76170FE7D900DA13FC /* NC.png */ = {isa = PBXFileReference; lastKnownFileType = image.png; path = NC.png; sourceTree = "<group>"; };
		00BC6E77170FE7D900DA13FC /* ND.png */ = {isa = PBXFileReference; lastKnownFileType = image.png; path = ND.png; sourceTree = "<group>"; };
		00BC6E78170FE7D900DA13FC /* NE.png */ = {isa = PBXFileReference; lastKnownFileType = image.png; path = NE.png; sourceTree = "<group>"; };
		00BC6E79170FE7D900DA13FC /* NH.png */ = {isa = PBXFileReference; lastKnownFileType = image.png; path = NH.png; sourceTree = "<group>"; };
		00BC6E7A170FE7D900DA13FC /* NJ.png */ = {isa = PBXFileReference; lastKnownFileType = image.png; path = NJ.png; sourceTree = "<group>"; };
		00BC6E7B170FE7D900DA13FC /* NM.png */ = {isa = PBXFileReference; lastKnownFileType = image.png; path = NM.png; sourceTree = "<group>"; };
		00BC6E7C170FE7D900DA13FC /* NV.png */ = {isa = PBXFileReference; lastKnownFileType = image.png; path = NV.png; sourceTree = "<group>"; };
		00BC6E7D170FE7D900DA13FC /* NY.png */ = {isa = PBXFileReference; lastKnownFileType = image.png; path = NY.png; sourceTree = "<group>"; };
		00BC6E7E170FE7D900DA13FC /* OH.png */ = {isa = PBXFileReference; lastKnownFileType = image.png; path = OH.png; sourceTree = "<group>"; };
		00BC6E7F170FE7D900DA13FC /* OK.png */ = {isa = PBXFileReference; lastKnownFileType = image.png; path = OK.png; sourceTree = "<group>"; };
		00BC6E80170FE7D900DA13FC /* OR.png */ = {isa = PBXFileReference; lastKnownFileType = image.png; path = OR.png; sourceTree = "<group>"; };
		00BC6E81170FE7D900DA13FC /* PA.png */ = {isa = PBXFileReference; lastKnownFileType = image.png; path = PA.png; sourceTree = "<group>"; };
		00BC6E82170FE7D900DA13FC /* PR.png */ = {isa = PBXFileReference; lastKnownFileType = image.png; path = PR.png; sourceTree = "<group>"; };
		00BC6E83170FE7D900DA13FC /* RI.png */ = {isa = PBXFileReference; lastKnownFileType = image.png; path = RI.png; sourceTree = "<group>"; };
		00BC6E84170FE7D900DA13FC /* SC.png */ = {isa = PBXFileReference; lastKnownFileType = image.png; path = SC.png; sourceTree = "<group>"; };
		00BC6E85170FE7D900DA13FC /* SD.png */ = {isa = PBXFileReference; lastKnownFileType = image.png; path = SD.png; sourceTree = "<group>"; };
		00BC6E86170FE7D900DA13FC /* TN.png */ = {isa = PBXFileReference; lastKnownFileType = image.png; path = TN.png; sourceTree = "<group>"; };
		00BC6E87170FE7D900DA13FC /* TX.png */ = {isa = PBXFileReference; lastKnownFileType = image.png; path = TX.png; sourceTree = "<group>"; };
		00BC6E88170FE7D900DA13FC /* UT.png */ = {isa = PBXFileReference; lastKnownFileType = image.png; path = UT.png; sourceTree = "<group>"; };
		00BC6E89170FE7D900DA13FC /* VA.png */ = {isa = PBXFileReference; lastKnownFileType = image.png; path = VA.png; sourceTree = "<group>"; };
		00BC6E8A170FE7D900DA13FC /* VI.gif */ = {isa = PBXFileReference; lastKnownFileType = image.gif; path = VI.gif; sourceTree = "<group>"; };
		00BC6E8B170FE7D900DA13FC /* VT.png */ = {isa = PBXFileReference; lastKnownFileType = image.png; path = VT.png; sourceTree = "<group>"; };
		00BC6E8C170FE7D900DA13FC /* WA.png */ = {isa = PBXFileReference; lastKnownFileType = image.png; path = WA.png; sourceTree = "<group>"; };
		00BC6E8D170FE7D900DA13FC /* WI.png */ = {isa = PBXFileReference; lastKnownFileType = image.png; path = WI.png; sourceTree = "<group>"; };
		00BC6E8E170FE7D900DA13FC /* WV.png */ = {isa = PBXFileReference; lastKnownFileType = image.png; path = WV.png; sourceTree = "<group>"; };
		00BC6E8F170FE7D900DA13FC /* WY.png */ = {isa = PBXFileReference; lastKnownFileType = image.png; path = WY.png; sourceTree = "<group>"; };
		00C6858916BB767000865F27 /* Congress.app */ = {isa = PBXFileReference; explicitFileType = wrapper.application; includeInIndex = 0; path = Congress.app; sourceTree = BUILT_PRODUCTS_DIR; };
		00C6858C16BB767000865F27 /* UIKit.framework */ = {isa = PBXFileReference; lastKnownFileType = wrapper.framework; name = UIKit.framework; path = System/Library/Frameworks/UIKit.framework; sourceTree = SDKROOT; };
		00C6858E16BB767000865F27 /* Foundation.framework */ = {isa = PBXFileReference; lastKnownFileType = wrapper.framework; name = Foundation.framework; path = System/Library/Frameworks/Foundation.framework; sourceTree = SDKROOT; };
		00C6859016BB767000865F27 /* CoreGraphics.framework */ = {isa = PBXFileReference; lastKnownFileType = wrapper.framework; name = CoreGraphics.framework; path = System/Library/Frameworks/CoreGraphics.framework; sourceTree = SDKROOT; };
		00C6859416BB767000865F27 /* Congress-Info.plist */ = {isa = PBXFileReference; lastKnownFileType = text.plist.xml; path = "Congress-Info.plist"; sourceTree = "<group>"; };
		00C6859616BB767000865F27 /* en */ = {isa = PBXFileReference; lastKnownFileType = text.plist.strings; name = en; path = en.lproj/InfoPlist.strings; sourceTree = "<group>"; };
		00C6859816BB767000865F27 /* main.m */ = {isa = PBXFileReference; lastKnownFileType = sourcecode.c.objc; path = main.m; sourceTree = "<group>"; };
		00C6859A16BB767000865F27 /* Congress-Prefix.pch */ = {isa = PBXFileReference; lastKnownFileType = sourcecode.c.h; path = "Congress-Prefix.pch"; sourceTree = "<group>"; };
		00C6859B16BB767000865F27 /* HelloWorldAppDelegate.h */ = {isa = PBXFileReference; lastKnownFileType = sourcecode.c.h; path = HelloWorldAppDelegate.h; sourceTree = "<group>"; };
		00C6859C16BB767000865F27 /* HelloWorldAppDelegate.m */ = {isa = PBXFileReference; lastKnownFileType = sourcecode.c.objc; path = HelloWorldAppDelegate.m; sourceTree = "<group>"; };
		00C685A516BB767000865F27 /* en */ = {isa = PBXFileReference; lastKnownFileType = file.storyboard; name = en; path = en.lproj/MainStoryboard.storyboard; sourceTree = "<group>"; };
		00C685A716BB767000865F27 /* HelloWorldViewController.h */ = {isa = PBXFileReference; lastKnownFileType = sourcecode.c.h; path = HelloWorldViewController.h; sourceTree = "<group>"; };
		00C685A816BB767000865F27 /* HelloWorldViewController.m */ = {isa = PBXFileReference; lastKnownFileType = sourcecode.c.objc; path = HelloWorldViewController.m; sourceTree = "<group>"; };
		0E13679117037C1C00593D57 /* Member.h */ = {isa = PBXFileReference; fileEncoding = 4; lastKnownFileType = sourcecode.c.h; path = Member.h; sourceTree = "<group>"; };
		0E13679217037C1C00593D57 /* Member.m */ = {isa = PBXFileReference; fileEncoding = 4; lastKnownFileType = sourcecode.c.objc; path = Member.m; sourceTree = "<group>"; };
		0E1367971703845B00593D57 /* MemberXMLParserDelegate.h */ = {isa = PBXFileReference; fileEncoding = 4; lastKnownFileType = sourcecode.c.h; path = MemberXMLParserDelegate.h; sourceTree = "<group>"; };
		0E1367981703845C00593D57 /* MemberXMLParserDelegate.m */ = {isa = PBXFileReference; fileEncoding = 4; lastKnownFileType = sourcecode.c.objc; path = MemberXMLParserDelegate.m; sourceTree = "<group>"; };
/* End PBXFileReference section */

/* Begin PBXFrameworksBuildPhase section */
		00C6858616BB767000865F27 /* Frameworks */ = {
			isa = PBXFrameworksBuildPhase;
			buildActionMask = 2147483647;
			files = (
				0086252D1795D4B8003FB0A0 /* libz.1.2.5.dylib in Frameworks */,
				007B867F16D70CBB002A3EE7 /* CoreData.framework in Frameworks */,
				007B867D16D70AD2002A3EE7 /* QuartzCore.framework in Frameworks */,
				007B867B16D70AB1002A3EE7 /* CoreImage.framework in Frameworks */,
				00C6858D16BB767000865F27 /* UIKit.framework in Frameworks */,
				00C6858F16BB767000865F27 /* Foundation.framework in Frameworks */,
				00C6859116BB767000865F27 /* CoreGraphics.framework in Frameworks */,
			);
			runOnlyForDeploymentPostprocessing = 0;
		};
/* End PBXFrameworksBuildPhase section */

/* Begin PBXGroup section */
		006FD2751711CEA700215083 /* Icons */ = {
			isa = PBXGroup;
			children = (
				007EEE84178E416700C0C3B5 /* iPadIcon.png */,
				007EEE85178E416700C0C3B5 /* iPadIcon@2x.png */,
				007EEE86178E416700C0C3B5 /* iPhoneIcon.png */,
				007EEE87178E416700C0C3B5 /* iPhoneIcon@2x.png */,
				007EEE8A178E416700C0C3B5 /* spotlightiPadIcon.png */,
				007EEE8B178E416700C0C3B5 /* spotlightiPadIcon@2x.png */,
				007EEE8C178E416700C0C3B5 /* spotlightiPhoneIcon.png */,
				007EEE8D178E416700C0C3B5 /* spotlightiPhoneIcon@2x.png */,
			);
			name = Icons;
			path = ..;
			sourceTree = "<group>";
		};
		0086252E1795D5EE003FB0A0 /* SSZipArchive */ = {
			isa = PBXGroup;
			children = (
				0086253C1795D772003FB0A0 /* minizip */,
				008625461795D772003FB0A0 /* SSZipArchive.h */,
				008625471795D772003FB0A0 /* SSZipArchive.m */,
			);
			name = SSZipArchive;
			sourceTree = "<group>";
		};
		0086253C1795D772003FB0A0 /* minizip */ = {
			isa = PBXGroup;
			children = (
				0086253D1795D772003FB0A0 /* crypt.h */,
				0086253E1795D772003FB0A0 /* ioapi.c */,
				0086253F1795D772003FB0A0 /* ioapi.h */,
				008625401795D772003FB0A0 /* mztools.c */,
				008625411795D772003FB0A0 /* mztools.h */,
				008625421795D772003FB0A0 /* unzip.c */,
				008625431795D772003FB0A0 /* unzip.h */,
				008625441795D772003FB0A0 /* zip.c */,
				008625451795D772003FB0A0 /* zip.h */,
			);
			path = minizip;
			sourceTree = "<group>";
		};
		008D0D45170A38C900C5681D /* Data Classes */ = {
			isa = PBXGroup;
			children = (
				0E13679117037C1C00593D57 /* Member.h */,
				0E13679217037C1C00593D57 /* Member.m */,
				008C23001710E7EA00CE5E54 /* Committee.h */,
				008C23011710E7EA00CE5E54 /* Committee.m */,
				007EEE9B1790416F00C0C3B5 /* Term.h */,
				007EEE9C1790416F00C0C3B5 /* Term.m */,
				007EEE9D17904DC100C0C3B5 /* CommitteeMember.h */,
				007EEE9E17904DC100C0C3B5 /* CommitteeMember.m */,
			);
			name = "Data Classes";
			sourceTree = "<group>";
		};
		00BC6E57170FE7D900DA13FC /* Seals */ = {
			isa = PBXGroup;
			children = (
				00BC6E58170FE7D900DA13FC /* AK.png */,
				00BC6E59170FE7D900DA13FC /* AL.png */,
				00BC6E5A170FE7D900DA13FC /* AR.png */,
				00BC6E5B170FE7D900DA13FC /* AS.png */,
				00BC6E5C170FE7D900DA13FC /* AZ.png */,
				00BC6E5D170FE7D900DA13FC /* CA.png */,
				00BC6E5E170FE7D900DA13FC /* CO.png */,
				00BC6E5F170FE7D900DA13FC /* CT.png */,
				00BC6E60170FE7D900DA13FC /* DC.png */,
				00BC6E61170FE7D900DA13FC /* DE.png */,
				00BC6E62170FE7D900DA13FC /* FL.png */,
				00BC6E63170FE7D900DA13FC /* GA.png */,
				00BC6E64170FE7D900DA13FC /* GU.png */,
				00BC6E65170FE7D900DA13FC /* HI.png */,
				00BC6E66170FE7D900DA13FC /* IA.png */,
				00BC6E67170FE7D900DA13FC /* ID.png */,
				00BC6E68170FE7D900DA13FC /* IL.png */,
				00BC6E69170FE7D900DA13FC /* IN.png */,
				00BC6E6A170FE7D900DA13FC /* KS.png */,
				00BC6E6B170FE7D900DA13FC /* KY.png */,
				00BC6E6C170FE7D900DA13FC /* LA.png */,
				00BC6E6D170FE7D900DA13FC /* MA.png */,
				00BC6E6E170FE7D900DA13FC /* MD.png */,
				00BC6E6F170FE7D900DA13FC /* ME.png */,
				00BC6E70170FE7D900DA13FC /* MI.png */,
				00BC6E71170FE7D900DA13FC /* MN.png */,
				00BC6E72170FE7D900DA13FC /* MO.png */,
				00BC6E73170FE7D900DA13FC /* MP.png */,
				00BC6E74170FE7D900DA13FC /* MS.png */,
				00BC6E75170FE7D900DA13FC /* MT.png */,
				00BC6E76170FE7D900DA13FC /* NC.png */,
				00BC6E77170FE7D900DA13FC /* ND.png */,
				00BC6E78170FE7D900DA13FC /* NE.png */,
				00BC6E79170FE7D900DA13FC /* NH.png */,
				00BC6E7A170FE7D900DA13FC /* NJ.png */,
				00BC6E7B170FE7D900DA13FC /* NM.png */,
				00BC6E7C170FE7D900DA13FC /* NV.png */,
				00BC6E7D170FE7D900DA13FC /* NY.png */,
				00BC6E7E170FE7D900DA13FC /* OH.png */,
				00BC6E7F170FE7D900DA13FC /* OK.png */,
				00BC6E80170FE7D900DA13FC /* OR.png */,
				00BC6E81170FE7D900DA13FC /* PA.png */,
				00BC6E82170FE7D900DA13FC /* PR.png */,
				00BC6E83170FE7D900DA13FC /* RI.png */,
				00BC6E84170FE7D900DA13FC /* SC.png */,
				00BC6E85170FE7D900DA13FC /* SD.png */,
				00BC6E86170FE7D900DA13FC /* TN.png */,
				00BC6E87170FE7D900DA13FC /* TX.png */,
				00BC6E88170FE7D900DA13FC /* UT.png */,
				00BC6E89170FE7D900DA13FC /* VA.png */,
				00BC6E8A170FE7D900DA13FC /* VI.gif */,
				00BC6E8B170FE7D900DA13FC /* VT.png */,
				00BC6E8C170FE7D900DA13FC /* WA.png */,
				00BC6E8D170FE7D900DA13FC /* WI.png */,
				00BC6E8E170FE7D900DA13FC /* WV.png */,
				00BC6E8F170FE7D900DA13FC /* WY.png */,
			);
			path = Seals;
			sourceTree = "<group>";
		};
		00C6858016BB767000865F27 = {
			isa = PBXGroup;
			children = (
				007EEE9F17908A6C00C0C3B5 /* Default-568h@2x.png */,
				00C6859216BB767000865F27 /* Congress */,
				00C6858B16BB767000865F27 /* Frameworks */,
				00C6858A16BB767000865F27 /* Products */,
			);
			sourceTree = "<group>";
		};
		00C6858A16BB767000865F27 /* Products */ = {
			isa = PBXGroup;
			children = (
				00C6858916BB767000865F27 /* Congress.app */,
			);
			name = Products;
			sourceTree = "<group>";
		};
		00C6858B16BB767000865F27 /* Frameworks */ = {
			isa = PBXGroup;
			children = (
				0086252C1795D4B8003FB0A0 /* libz.1.2.5.dylib */,
				007B867E16D70CBB002A3EE7 /* CoreData.framework */,
				007B867C16D70AD2002A3EE7 /* QuartzCore.framework */,
				007B867A16D70AB1002A3EE7 /* CoreImage.framework */,
				00C6858C16BB767000865F27 /* UIKit.framework */,
				00C6858E16BB767000865F27 /* Foundation.framework */,
				00C6859016BB767000865F27 /* CoreGraphics.framework */,
			);
			name = Frameworks;
			sourceTree = "<group>";
		};
		00C6859216BB767000865F27 /* Congress */ = {
			isa = PBXGroup;
			children = (
				0086252E1795D5EE003FB0A0 /* SSZipArchive */,
				008C22DA17100FEA00CE5E54 /* StatePickerViewDelegate.h */,
				008C22DB17100FEA00CE5E54 /* StatePickerViewDelegate.m */,
				0E1367971703845B00593D57 /* MemberXMLParserDelegate.h */,
				0E1367981703845C00593D57 /* MemberXMLParserDelegate.m */,
				009A9F3716D71F8F0085CFC5 /* DataManager.h */,
				009A9F3816D71F8F0085CFC5 /* DataManager.m */,
				008D0D45170A38C900C5681D /* Data Classes */,
				00C685A416BB767000865F27 /* MainStoryboard.storyboard */,
				0063EEFA1714FF76006D6EE1 /* ParentViewController.h */,
				0063EEFB1714FF76006D6EE1 /* ParentViewController.m */,
				00C6859B16BB767000865F27 /* HelloWorldAppDelegate.h */,
				00C6859C16BB767000865F27 /* HelloWorldAppDelegate.m */,
				00C685A716BB767000865F27 /* HelloWorldViewController.h */,
				00C685A816BB767000865F27 /* HelloWorldViewController.m */,
				001A059E1712635E0054B66C /* BackViewController.h */,
				001A059F1712635E0054B66C /* BackViewController.m */,
				007EEE7F178E3BC400C0C3B5 /* Images.xcassets */,
				00C6859316BB767000865F27 /* Supporting Files */,
			);
			name = Congress;
			path = CongressCards;
			sourceTree = "<group>";
		};
		00C6859316BB767000865F27 /* Supporting Files */ = {
			isa = PBXGroup;
			children = (
				006FD2751711CEA700215083 /* Icons */,
				00BC6E57170FE7D900DA13FC /* Seals */,
				00C685AF16BB79B500865F27 /* Photos */,
				00C6859416BB767000865F27 /* Congress-Info.plist */,
				00C6859516BB767000865F27 /* InfoPlist.strings */,
				00C6859816BB767000865F27 /* main.m */,
				00C6859A16BB767000865F27 /* Congress-Prefix.pch */,
				007B868016D70CF9002A3EE7 /* DataModel.xcdatamodeld */,
			);
			name = "Supporting Files";
			sourceTree = "<group>";
		};
		00C685AF16BB79B500865F27 /* Photos */ = {
			isa = PBXGroup;
			children = (
			);
			path = Photos;
			sourceTree = "<group>";
		};
/* End PBXGroup section */

/* Begin PBXNativeTarget section */
		00C6858816BB767000865F27 /* Congress */ = {
			isa = PBXNativeTarget;
			buildConfigurationList = 00C685AC16BB767000865F27 /* Build configuration list for PBXNativeTarget "Congress" */;
			buildPhases = (
				00C6858516BB767000865F27 /* Sources */,
				00C6858616BB767000865F27 /* Frameworks */,
				00C6858716BB767000865F27 /* Resources */,
			);
			buildRules = (
			);
			dependencies = (
			);
			name = Congress;
			productName = CongressCards;
			productReference = 00C6858916BB767000865F27 /* Congress.app */;
			productType = "com.apple.product-type.application";
		};
/* End PBXNativeTarget section */

/* Begin PBXProject section */
		00C6858116BB767000865F27 /* Project object */ = {
			isa = PBXProject;
			attributes = {
				CLASSPREFIX = HelloWorld;
				LastUpgradeCheck = 0460;
				ORGANIZATIONNAME = "Christopher Febles";
			};
			buildConfigurationList = 00C6858416BB767000865F27 /* Build configuration list for PBXProject "Congress" */;
			compatibilityVersion = "Xcode 3.2";
			developmentRegion = English;
			hasScannedForEncodings = 0;
			knownRegions = (
				en,
			);
			mainGroup = 00C6858016BB767000865F27;
			productRefGroup = 00C6858A16BB767000865F27 /* Products */;
			projectDirPath = "";
			projectRoot = "";
			targets = (
				00C6858816BB767000865F27 /* Congress */,
			);
		};
/* End PBXProject section */

/* Begin PBXResourcesBuildPhase section */
		00C6858716BB767000865F27 /* Resources */ = {
			isa = PBXResourcesBuildPhase;
			buildActionMask = 2147483647;
			files = (
				00C6859716BB767000865F27 /* InfoPlist.strings in Resources */,
				00C685A616BB767000865F27 /* MainStoryboard.storyboard in Resources */,
				007EEE9A178E416700C0C3B5 /* spotlightiPhoneIcon@2x.png in Resources */,
				007EEE91178E416700C0C3B5 /* iPadIcon.png in Resources */,
				007EEE97178E416700C0C3B5 /* spotlightiPadIcon.png in Resources */,
				007EEE99178E416700C0C3B5 /* spotlightiPhoneIcon.png in Resources */,
				007EEE80178E3BC400C0C3B5 /* Images.xcassets in Resources */,
				00BC6E90170FE7D900DA13FC /* AK.png in Resources */,
				00BC6E91170FE7D900DA13FC /* AL.png in Resources */,
				00BC6E92170FE7D900DA13FC /* AR.png in Resources */,
				00BC6E93170FE7D900DA13FC /* AS.png in Resources */,
				00BC6E94170FE7D900DA13FC /* AZ.png in Resources */,
				00BC6E95170FE7D900DA13FC /* CA.png in Resources */,
				00BC6E96170FE7D900DA13FC /* CO.png in Resources */,
				00BC6E97170FE7D900DA13FC /* CT.png in Resources */,
				00BC6E98170FE7D900DA13FC /* DC.png in Resources */,
				00BC6E99170FE7D900DA13FC /* DE.png in Resources */,
				00BC6E9A170FE7D900DA13FC /* FL.png in Resources */,
				00BC6E9B170FE7D900DA13FC /* GA.png in Resources */,
				00BC6E9C170FE7D900DA13FC /* GU.png in Resources */,
				00BC6E9D170FE7D900DA13FC /* HI.png in Resources */,
				00BC6E9E170FE7D900DA13FC /* IA.png in Resources */,
				00BC6E9F170FE7D900DA13FC /* ID.png in Resources */,
				00BC6EA0170FE7D900DA13FC /* IL.png in Resources */,
				00BC6EA1170FE7D900DA13FC /* IN.png in Resources */,
				00BC6EA2170FE7D900DA13FC /* KS.png in Resources */,
				00BC6EA3170FE7D900DA13FC /* KY.png in Resources */,
				00BC6EA4170FE7D900DA13FC /* LA.png in Resources */,
				00BC6EA5170FE7D900DA13FC /* MA.png in Resources */,
				00BC6EA6170FE7D900DA13FC /* MD.png in Resources */,
				00BC6EA7170FE7D900DA13FC /* ME.png in Resources */,
				00BC6EA8170FE7D900DA13FC /* MI.png in Resources */,
				00BC6EA9170FE7D900DA13FC /* MN.png in Resources */,
				00BC6EAA170FE7D900DA13FC /* MO.png in Resources */,
				00BC6EAB170FE7D900DA13FC /* MP.png in Resources */,
				00BC6EAC170FE7D900DA13FC /* MS.png in Resources */,
				00BC6EAD170FE7D900DA13FC /* MT.png in Resources */,
				00BC6EAE170FE7D900DA13FC /* NC.png in Resources */,
				00BC6EAF170FE7D900DA13FC /* ND.png in Resources */,
				00BC6EB0170FE7D900DA13FC /* NE.png in Resources */,
				00BC6EB1170FE7D900DA13FC /* NH.png in Resources */,
				00BC6EB2170FE7D900DA13FC /* NJ.png in Resources */,
				00BC6EB3170FE7D900DA13FC /* NM.png in Resources */,
				00BC6EB4170FE7D900DA13FC /* NV.png in Resources */,
				00BC6EB5170FE7D900DA13FC /* NY.png in Resources */,
				00BC6EB6170FE7D900DA13FC /* OH.png in Resources */,
				00BC6EB7170FE7D900DA13FC /* OK.png in Resources */,
				00BC6EB8170FE7D900DA13FC /* OR.png in Resources */,
				00BC6EB9170FE7D900DA13FC /* PA.png in Resources */,
				00BC6EBA170FE7D900DA13FC /* PR.png in Resources */,
				00BC6EBB170FE7D900DA13FC /* RI.png in Resources */,
				00BC6EBC170FE7D900DA13FC /* SC.png in Resources */,
				00BC6EBD170FE7D900DA13FC /* SD.png in Resources */,
				00BC6EBE170FE7D900DA13FC /* TN.png in Resources */,
				00BC6EBF170FE7D900DA13FC /* TX.png in Resources */,
				00BC6EC0170FE7D900DA13FC /* UT.png in Resources */,
				00BC6EC1170FE7D900DA13FC /* VA.png in Resources */,
				00BC6EC2170FE7D900DA13FC /* VI.gif in Resources */,
				00BC6EC3170FE7D900DA13FC /* VT.png in Resources */,
				00BC6EC4170FE7D900DA13FC /* WA.png in Resources */,
				00BC6EC5170FE7D900DA13FC /* WI.png in Resources */,
				00BC6EC6170FE7D900DA13FC /* WV.png in Resources */,
				00BC6EC7170FE7D900DA13FC /* WY.png in Resources */,
				007EEEA017908A6C00C0C3B5 /* Default-568h@2x.png in Resources */,
				007EEE94178E416700C0C3B5 /* iPhoneIcon@2x.png in Resources */,
				007EEE92178E416700C0C3B5 /* iPadIcon@2x.png in Resources */,
				007EEE93178E416700C0C3B5 /* iPhoneIcon.png in Resources */,
				007EEE98178E416700C0C3B5 /* spotlightiPadIcon@2x.png in Resources */,
			);
			runOnlyForDeploymentPostprocessing = 0;
		};
/* End PBXResourcesBuildPhase section */

/* Begin PBXSourcesBuildPhase section */
		00C6858516BB767000865F27 /* Sources */ = {
			isa = PBXSourcesBuildPhase;
			buildActionMask = 2147483647;
			files = (
				007EEEA117931FE200C0C3B5 /* CommitteeMember.m in Sources */,
				008625481795D772003FB0A0 /* ioapi.c in Sources */,
				00C6859916BB767000865F27 /* main.m in Sources */,
				0086254C1795D772003FB0A0 /* SSZipArchive.m in Sources */,
				00C6859D16BB767000865F27 /* HelloWorldAppDelegate.m in Sources */,
				008625491795D772003FB0A0 /* mztools.c in Sources */,
				00C685A916BB767000865F27 /* HelloWorldViewController.m in Sources */,
				0086254A1795D772003FB0A0 /* unzip.c in Sources */,
				007B868216D70CF9002A3EE7 /* DataModel.xcdatamodeld in Sources */,
				009A9F3916D71F8F0085CFC5 /* DataManager.m in Sources */,
				0086254B1795D772003FB0A0 /* zip.c in Sources */,
				0E13679317037C1C00593D57 /* Member.m in Sources */,
				0E1367991703845C00593D57 /* MemberXMLParserDelegate.m in Sources */,
				008C22DC17100FEA00CE5E54 /* StatePickerViewDelegate.m in Sources */,
				008C23021710E7EA00CE5E54 /* Committee.m in Sources */,
				001A05A01712635E0054B66C /* BackViewController.m in Sources */,
				0063EEFC1714FF76006D6EE1 /* ParentViewController.m in Sources */,
			);
			runOnlyForDeploymentPostprocessing = 0;
		};
/* End PBXSourcesBuildPhase section */

/* Begin PBXVariantGroup section */
		00C6859516BB767000865F27 /* InfoPlist.strings */ = {
			isa = PBXVariantGroup;
			children = (
				00C6859616BB767000865F27 /* en */,
			);
			name = InfoPlist.strings;
			sourceTree = "<group>";
		};
		00C685A416BB767000865F27 /* MainStoryboard.storyboard */ = {
			isa = PBXVariantGroup;
			children = (
				00C685A516BB767000865F27 /* en */,
			);
			name = MainStoryboard.storyboard;
			sourceTree = "<group>";
		};
/* End PBXVariantGroup section */

/* Begin XCBuildConfiguration section */
		00C685AA16BB767000865F27 /* Debug */ = {
			isa = XCBuildConfiguration;
			buildSettings = {
				ALWAYS_SEARCH_USER_PATHS = NO;
				CLANG_CXX_LANGUAGE_STANDARD = "gnu++0x";
				CLANG_CXX_LIBRARY = "libc++";
				CLANG_ENABLE_OBJC_ARC = YES;
				CLANG_WARN_CONSTANT_CONVERSION = YES;
				CLANG_WARN_EMPTY_BODY = YES;
				CLANG_WARN_ENUM_CONVERSION = YES;
				CLANG_WARN_INT_CONVERSION = YES;
				CLANG_WARN__DUPLICATE_METHOD_MATCH = YES;
				"CODE_SIGN_IDENTITY[sdk=iphoneos*]" = "iPhone Developer";
				COPY_PHASE_STRIP = NO;
				GCC_C_LANGUAGE_STANDARD = gnu99;
				GCC_DYNAMIC_NO_PIC = NO;
				GCC_OPTIMIZATION_LEVEL = 0;
				GCC_PREPROCESSOR_DEFINITIONS = (
					"DEBUG=1",
					"$(inherited)",
				);
				GCC_SYMBOLS_PRIVATE_EXTERN = NO;
				GCC_WARN_ABOUT_RETURN_TYPE = YES;
				GCC_WARN_UNINITIALIZED_AUTOS = YES;
				GCC_WARN_UNUSED_VARIABLE = YES;
				IPHONEOS_DEPLOYMENT_TARGET = 6.1;
				ONLY_ACTIVE_ARCH = YES;
				SDKROOT = iphoneos;
			};
			name = Debug;
		};
		00C685AB16BB767000865F27 /* Release */ = {
			isa = XCBuildConfiguration;
			buildSettings = {
				ALWAYS_SEARCH_USER_PATHS = NO;
				CLANG_CXX_LANGUAGE_STANDARD = "gnu++0x";
				CLANG_CXX_LIBRARY = "libc++";
				CLANG_ENABLE_OBJC_ARC = YES;
				CLANG_WARN_CONSTANT_CONVERSION = YES;
				CLANG_WARN_EMPTY_BODY = YES;
				CLANG_WARN_ENUM_CONVERSION = YES;
				CLANG_WARN_INT_CONVERSION = YES;
				CLANG_WARN__DUPLICATE_METHOD_MATCH = YES;
				"CODE_SIGN_IDENTITY[sdk=iphoneos*]" = "iPhone Developer";
				COPY_PHASE_STRIP = YES;
				GCC_C_LANGUAGE_STANDARD = gnu99;
				GCC_WARN_ABOUT_RETURN_TYPE = YES;
				GCC_WARN_UNINITIALIZED_AUTOS = YES;
				GCC_WARN_UNUSED_VARIABLE = YES;
				IPHONEOS_DEPLOYMENT_TARGET = 6.1;
				OTHER_CFLAGS = "-DNS_BLOCK_ASSERTIONS=1";
				SDKROOT = iphoneos;
				VALIDATE_PRODUCT = YES;
			};
			name = Release;
		};
		00C685AD16BB767000865F27 /* Debug */ = {
			isa = XCBuildConfiguration;
			buildSettings = {
				CODE_SIGN_IDENTITY = "iPhone Developer: Christopher Febles (G5L8468FVB)";
				GCC_PRECOMPILE_PREFIX_HEADER = YES;
				GCC_PREFIX_HEADER = "CongressCards/Congress-Prefix.pch";
				INFOPLIST_FILE = "CongressCards/Congress-Info.plist";
				IPHONEOS_DEPLOYMENT_TARGET = 6.0;
				PRODUCT_NAME = Congress;
				TARGETED_DEVICE_FAMILY = 1;
				WRAPPER_EXTENSION = app;
			};
			name = Debug;
		};
		00C685AE16BB767000865F27 /* Release */ = {
			isa = XCBuildConfiguration;
			buildSettings = {
				CODE_SIGN_IDENTITY = "iPhone Developer: Christopher Febles (G5L8468FVB)";
				GCC_PRECOMPILE_PREFIX_HEADER = YES;
				GCC_PREFIX_HEADER = "CongressCards/Congress-Prefix.pch";
				INFOPLIST_FILE = "CongressCards/Congress-Info.plist";
				IPHONEOS_DEPLOYMENT_TARGET = 6.0;
				PRODUCT_NAME = Congress;
				TARGETED_DEVICE_FAMILY = 1;
				WRAPPER_EXTENSION = app;
			};
			name = Release;
		};
/* End XCBuildConfiguration section */

/* Begin XCConfigurationList section */
		00C6858416BB767000865F27 /* Build configuration list for PBXProject "Congress" */ = {
			isa = XCConfigurationList;
			buildConfigurations = (
				00C685AA16BB767000865F27 /* Debug */,
				00C685AB16BB767000865F27 /* Release */,
			);
			defaultConfigurationIsVisible = 0;
			defaultConfigurationName = Release;
		};
		00C685AC16BB767000865F27 /* Build configuration list for PBXNativeTarget "Congress" */ = {
			isa = XCConfigurationList;
			buildConfigurations = (
				00C685AD16BB767000865F27 /* Debug */,
				00C685AE16BB767000865F27 /* Release */,
			);
			defaultConfigurationIsVisible = 0;
			defaultConfigurationName = Release;
		};
/* End XCConfigurationList section */

/* Begin XCVersionGroup section */
		007B868016D70CF9002A3EE7 /* DataModel.xcdatamodeld */ = {
			isa = XCVersionGroup;
			children = (
				007B868116D70CF9002A3EE7 /* DataModel.xcdatamodel */,
			);
			currentVersion = 007B868116D70CF9002A3EE7 /* DataModel.xcdatamodel */;
			path = DataModel.xcdatamodeld;
			sourceTree = "<group>";
			versionGroupType = wrapper.xcdatamodel;
		};
/* End XCVersionGroup section */
	};
	rootObject = 00C6858116BB767000865F27 /* Project object */;
}
